
Microsoft Visual Studio Solution File, Format Version 12.00
# Visual Studio Version 17
VisualStudioVersion = 17.0.31903.59
MinimumVisualStudioVersion = 10.0.40219.1
Project("{2150E333-8FDC-42A3-9474-1A3956D46DE8}") = "src", "src", "{AF5686C0-89D4-4B46-A882-C9945B1EF1F9}"
EndProject
Project("{FAE04EC0-301F-11D3-BF4B-00C04F79EFBC}") = "Web.Api", "src\Web.Api\Web.Api.csproj", "{A57C0EAD-B12A-4324-B420-9057D580C607}"
EndProject
Project("{FAE04EC0-301F-11D3-BF4B-00C04F79EFBC}") = "SharedKernel", "src\SharedKernel\SharedKernel.csproj", "{D11FAA02-E8EF-4BF3-A8F7-9FEDB05ABBC0}"
EndProject
Project("{2150E333-8FDC-42A3-9474-1A3956D46DE8}") = "aspire", "aspire", "{D90A20CC-0C11-458D-8FA1-C67301C8F14A}"
EndProject
Project("{FAE04EC0-301F-11D3-BF4B-00C04F79EFBC}") = "AppHost", "src\aspire\AppHost\AppHost.csproj", "{9392CC6B-E534-4CFC-A006-F724719F1AC8}"
EndProject
Project("{FAE04EC0-301F-11D3-BF4B-00C04F79EFBC}") = "ServiceDefaults", "src\aspire\ServiceDefaults\ServiceDefaults.csproj", "{E132F49C-403D-44F9-8011-242D196DBFAF}"
EndProject
Project("{FAE04EC0-301F-11D3-BF4B-00C04F79EFBC}") = "MigrationService", "src\MigrationService\MigrationService.csproj", "{C762FC23-3CA7-4296-912B-5CEED029A1A9}"
EndProject
Project("{2150E333-8FDC-42A3-9474-1A3956D46DE8}") = "test", "test", "{2EFC2205-F265-44CA-A32E-4A68FDBD984F}"
EndProject
Project("{FAE04EC0-301F-11D3-BF4B-00C04F79EFBC}") = "TodoAppTest", "test\TodoAppTest\TodoAppTest.csproj", "{9C8FA02F-2535-439E-8635-D758F4EAEF11}"
EndProject
Global
	GlobalSection(SolutionProperties) = preSolution
		HideSolutionNode = FALSE
	EndGlobalSection
	GlobalSection(SolutionConfigurationPlatforms) = preSolution
		Debug|Any CPU = Debug|Any CPU
		Debug|x64 = Debug|x64
		Debug|x86 = Debug|x86
		Release|Any CPU = Release|Any CPU
		Release|x64 = Release|x64
		Release|x86 = Release|x86
	EndGlobalSection
	GlobalSection(ProjectConfigurationPlatforms) = postSolution
		{A57C0EAD-B12A-4324-B420-9057D580C607}.Debug|Any CPU.ActiveCfg = Debug|Any CPU
		{A57C0EAD-B12A-4324-B420-9057D580C607}.Debug|Any CPU.Build.0 = Debug|Any CPU
		{A57C0EAD-B12A-4324-B420-9057D580C607}.Debug|x64.ActiveCfg = Debug|Any CPU
		{A57C0EAD-B12A-4324-B420-9057D580C607}.Debug|x64.Build.0 = Debug|Any CPU
		{A57C0EAD-B12A-4324-B420-9057D580C607}.Debug|x86.ActiveCfg = Debug|Any CPU
		{A57C0EAD-B12A-4324-B420-9057D580C607}.Debug|x86.Build.0 = Debug|Any CPU
		{A57C0EAD-B12A-4324-B420-9057D580C607}.Release|Any CPU.ActiveCfg = Release|Any CPU
		{A57C0EAD-B12A-4324-B420-9057D580C607}.Release|Any CPU.Build.0 = Release|Any CPU
		{A57C0EAD-B12A-4324-B420-9057D580C607}.Release|x64.ActiveCfg = Release|Any CPU
		{A57C0EAD-B12A-4324-B420-9057D580C607}.Release|x64.Build.0 = Release|Any CPU
		{A57C0EAD-B12A-4324-B420-9057D580C607}.Release|x86.ActiveCfg = Release|Any CPU
		{A57C0EAD-B12A-4324-B420-9057D580C607}.Release|x86.Build.0 = Release|Any CPU
		{D11FAA02-E8EF-4BF3-A8F7-9FEDB05ABBC0}.Debug|Any CPU.ActiveCfg = Debug|Any CPU
		{D11FAA02-E8EF-4BF3-A8F7-9FEDB05ABBC0}.Debug|Any CPU.Build.0 = Debug|Any CPU
		{D11FAA02-E8EF-4BF3-A8F7-9FEDB05ABBC0}.Debug|x64.ActiveCfg = Debug|Any CPU
		{D11FAA02-E8EF-4BF3-A8F7-9FEDB05ABBC0}.Debug|x64.Build.0 = Debug|Any CPU
		{D11FAA02-E8EF-4BF3-A8F7-9FEDB05ABBC0}.Debug|x86.ActiveCfg = Debug|Any CPU
		{D11FAA02-E8EF-4BF3-A8F7-9FEDB05ABBC0}.Debug|x86.Build.0 = Debug|Any CPU
		{D11FAA02-E8EF-4BF3-A8F7-9FEDB05ABBC0}.Release|Any CPU.ActiveCfg = Release|Any CPU
		{D11FAA02-E8EF-4BF3-A8F7-9FEDB05ABBC0}.Release|Any CPU.Build.0 = Release|Any CPU
		{D11FAA02-E8EF-4BF3-A8F7-9FEDB05ABBC0}.Release|x64.ActiveCfg = Release|Any CPU
		{D11FAA02-E8EF-4BF3-A8F7-9FEDB05ABBC0}.Release|x64.Build.0 = Release|Any CPU
		{D11FAA02-E8EF-4BF3-A8F7-9FEDB05ABBC0}.Release|x86.ActiveCfg = Release|Any CPU
		{D11FAA02-E8EF-4BF3-A8F7-9FEDB05ABBC0}.Release|x86.Build.0 = Release|Any CPU
		{9392CC6B-E534-4CFC-A006-F724719F1AC8}.Debug|Any CPU.ActiveCfg = Debug|Any CPU
		{9392CC6B-E534-4CFC-A006-F724719F1AC8}.Debug|Any CPU.Build.0 = Debug|Any CPU
		{9392CC6B-E534-4CFC-A006-F724719F1AC8}.Debug|x64.ActiveCfg = Debug|Any CPU
		{9392CC6B-E534-4CFC-A006-F724719F1AC8}.Debug|x64.Build.0 = Debug|Any CPU
		{9392CC6B-E534-4CFC-A006-F724719F1AC8}.Debug|x86.ActiveCfg = Debug|Any CPU
		{9392CC6B-E534-4CFC-A006-F724719F1AC8}.Debug|x86.Build.0 = Debug|Any CPU
		{9392CC6B-E534-4CFC-A006-F724719F1AC8}.Release|Any CPU.ActiveCfg = Release|Any CPU
		{9392CC6B-E534-4CFC-A006-F724719F1AC8}.Release|Any CPU.Build.0 = Release|Any CPU
		{9392CC6B-E534-4CFC-A006-F724719F1AC8}.Release|x64.ActiveCfg = Release|Any CPU
		{9392CC6B-E534-4CFC-A006-F724719F1AC8}.Release|x64.Build.0 = Release|Any CPU
		{9392CC6B-E534-4CFC-A006-F724719F1AC8}.Release|x86.ActiveCfg = Release|Any CPU
		{9392CC6B-E534-4CFC-A006-F724719F1AC8}.Release|x86.Build.0 = Release|Any CPU
		{E132F49C-403D-44F9-8011-242D196DBFAF}.Debug|Any CPU.ActiveCfg = Debug|Any CPU
		{E132F49C-403D-44F9-8011-242D196DBFAF}.Debug|Any CPU.Build.0 = Debug|Any CPU
		{E132F49C-403D-44F9-8011-242D196DBFAF}.Debug|x64.ActiveCfg = Debug|Any CPU
		{E132F49C-403D-44F9-8011-242D196DBFAF}.Debug|x64.Build.0 = Debug|Any CPU
		{E132F49C-403D-44F9-8011-242D196DBFAF}.Debug|x86.ActiveCfg = Debug|Any CPU
		{E132F49C-403D-44F9-8011-242D196DBFAF}.Debug|x86.Build.0 = Debug|Any CPU
		{E132F49C-403D-44F9-8011-242D196DBFAF}.Release|Any CPU.ActiveCfg = Release|Any CPU
		{E132F49C-403D-44F9-8011-242D196DBFAF}.Release|Any CPU.Build.0 = Release|Any CPU
		{E132F49C-403D-44F9-8011-242D196DBFAF}.Release|x64.ActiveCfg = Release|Any CPU
		{E132F49C-403D-44F9-8011-242D196DBFAF}.Release|x64.Build.0 = Release|Any CPU
		{E132F49C-403D-44F9-8011-242D196DBFAF}.Release|x86.ActiveCfg = Release|Any CPU
		{E132F49C-403D-44F9-8011-242D196DBFAF}.Release|x86.Build.0 = Release|Any CPU
		{C762FC23-3CA7-4296-912B-5CEED029A1A9}.Debug|Any CPU.ActiveCfg = Debug|Any CPU
		{C762FC23-3CA7-4296-912B-5CEED029A1A9}.Debug|Any CPU.Build.0 = Debug|Any CPU
		{C762FC23-3CA7-4296-912B-5CEED029A1A9}.Debug|x64.ActiveCfg = Debug|Any CPU
		{C762FC23-3CA7-4296-912B-5CEED029A1A9}.Debug|x64.Build.0 = Debug|Any CPU
		{C762FC23-3CA7-4296-912B-5CEED029A1A9}.Debug|x86.ActiveCfg = Debug|Any CPU
		{C762FC23-3CA7-4296-912B-5CEED029A1A9}.Debug|x86.Build.0 = Debug|Any CPU
		{C762FC23-3CA7-4296-912B-5CEED029A1A9}.Release|Any CPU.ActiveCfg = Release|Any CPU
		{C762FC23-3CA7-4296-912B-5CEED029A1A9}.Release|Any CPU.Build.0 = Release|Any CPU
		{C762FC23-3CA7-4296-912B-5CEED029A1A9}.Release|x64.ActiveCfg = Release|Any CPU
		{C762FC23-3CA7-4296-912B-5CEED029A1A9}.Release|x64.Build.0 = Release|Any CPU
		{C762FC23-3CA7-4296-912B-5CEED029A1A9}.Release|x86.ActiveCfg = Release|Any CPU
		{C762FC23-3CA7-4296-912B-5CEED029A1A9}.Release|x86.Build.0 = Release|Any CPU
		{9C8FA02F-2535-439E-8635-D758F4EAEF11}.Debug|Any CPU.ActiveCfg = Debug|Any CPU
		{9C8FA02F-2535-439E-8635-D758F4EAEF11}.Debug|Any CPU.Build.0 = Debug|Any CPU
		{9C8FA02F-2535-439E-8635-D758F4EAEF11}.Debug|x64.ActiveCfg = Debug|Any CPU
		{9C8FA02F-2535-439E-8635-D758F4EAEF11}.Debug|x64.Build.0 = Debug|Any CPU
		{9C8FA02F-2535-439E-8635-D758F4EAEF11}.Debug|x86.ActiveCfg = Debug|Any CPU
		{9C8FA02F-2535-439E-8635-D758F4EAEF11}.Debug|x86.Build.0 = Debug|Any CPU
		{9C8FA02F-2535-439E-8635-D758F4EAEF11}.Release|Any CPU.ActiveCfg = Release|Any CPU
		{9C8FA02F-2535-439E-8635-D758F4EAEF11}.Release|Any CPU.Build.0 = Release|Any CPU
		{9C8FA02F-2535-439E-8635-D758F4EAEF11}.Release|x64.ActiveCfg = Release|Any CPU
		{9C8FA02F-2535-439E-8635-D758F4EAEF11}.Release|x64.Build.0 = Release|Any CPU
		{9C8FA02F-2535-439E-8635-D758F4EAEF11}.Release|x86.ActiveCfg = Release|Any CPU
		{9C8FA02F-2535-439E-8635-D758F4EAEF11}.Release|x86.Build.0 = Release|Any CPU
	EndGlobalSection
	GlobalSection(NestedProjects) = preSolution
		{A57C0EAD-B12A-4324-B420-9057D580C607} = {AF5686C0-89D4-4B46-A882-C9945B1EF1F9}
		{D11FAA02-E8EF-4BF3-A8F7-9FEDB05ABBC0} = {AF5686C0-89D4-4B46-A882-C9945B1EF1F9}
		{D90A20CC-0C11-458D-8FA1-C67301C8F14A} = {AF5686C0-89D4-4B46-A882-C9945B1EF1F9}
		{9392CC6B-E534-4CFC-A006-F724719F1AC8} = {D90A20CC-0C11-458D-8FA1-C67301C8F14A}
		{E132F49C-403D-44F9-8011-242D196DBFAF} = {D90A20CC-0C11-458D-8FA1-C67301C8F14A}
		{C762FC23-3CA7-4296-912B-5CEED029A1A9} = {AF5686C0-89D4-4B46-A882-C9945B1EF1F9}
		{9C8FA02F-2535-439E-8635-D758F4EAEF11} = {2EFC2205-F265-44CA-A32E-4A68FDBD984F}
	EndGlobalSection
EndGlobal
